PODS:
  - Capacitor (5.2.3):
    - CapacitorCordova
  - CapacitorCommunityBarcodeScanner (4.0.1):
    - Capacitor
  - CapacitorCordova (5.2.3)

DEPENDENCIES:
  - "Capacitor (from `../../node_modules/.pnpm/@capacitor+ios@5.2.3_@capacitor+core@5.2.3/node_modules/@capacitor/ios`)"
  - "CapacitorCommunityBarcodeScanner (from `../../node_modules/.pnpm/@capacitor-community+barcode-scanner@4.0.1_@capacitor+core@5.2.3/node_modules/@capacitor-community/barcode-scanner`)"
  - "CapacitorCordova (from `../../node_modules/.pnpm/@capacitor+ios@5.2.3_@capacitor+core@5.2.3/node_modules/@capacitor/ios`)"

EXTERNAL SOURCES:
  Capacitor:
    :path: "../../node_modules/.pnpm/@capacitor+ios@5.2.3_@capacitor+core@5.2.3/node_modules/@capacitor/ios"
  CapacitorCommunityBarcodeScanner:
    :path: "../../node_modules/.pnpm/@capacitor-community+barcode-scanner@4.0.1_@capacitor+core@5.2.3/node_modules/@capacitor-community/barcode-scanner"
  CapacitorCordova:
    :path: "../../node_modules/.pnpm/@capacitor+ios@5.2.3_@capacitor+core@5.2.3/node_modules/@capacitor/ios"

SPEC CHECKSUMS:
  Capacitor: 6f44cbc33839b8a4202b8eac97041fe584083417
  CapacitorCommunityBarcodeScanner: 7feb206489c8555a8ca0c74c57ddf49ead774eb8
  CapacitorCordova: 35def3ebfdef491f0a7b652816eb873ff4b20bbf

PODFILE CHECKSUM: 8f3f366ece0b6a5f4bd01a2a272d0547d498d097

COCOAPODS: 1.12.1
